{
  "lockfile_version": "1",
  "packages": {
    "github:NixOS/nixpkgs/nixpkgs-unstable": {
      "last_modified": "2026-06-13T14:05:44Z",
      "resolved": "github:NixOS/nixpkgs/9f11f828c213641c2369a9f1fa31fe31557e3156?lastModified=1781359544&narHash=sha256-iUuzKQcyXvopYDDzFpMK5eQKP3WIJExYny2kJtbgUcE%3D"
    },
    "go-task@latest": {
      "last_modified": "2026-05-21T08:15:18Z",
      "resolved": "github:NixOS/nixpkgs/4a29d733e8a7d5b824c3d8c958a946a9867b3eb2#go-task",
      "source": "devbox-search",
      "version": "3.48.0",
      "systems": {
        "aarch64-darwin": {
          "outputs": [
            {
              "name": "out",
              "path": "/nix/store/hg0sx6ah2pinw09i8s3gwicq1x54gbvn-go-task-3.48.0",
              "default": true
            }
          ],
          "store_path": "/nix/store/hg0sx6ah2pinw09i8s3gwicq1x54gbvn-go-task-3.48.0"
        },
        "aarch64-linux": {
          "outputs": [
            {
              "name": "out",
              "path": "/nix/store/6bafb6yz2861yxjljadd1m22v2gryl24-go-task-3.48.0",
              "default": true
            }
          ],
          "store_path": "/nix/store/6bafb6yz2861yxjljadd1m22v2gryl24-go-task-3.48.0"
        },
        "x86_64-darwin": {
          "outputs": [
            {
              "name": "out",
              "path": "/nix/store/xajpc9zjvhmdmwjab8i8grxc248wnzpq-go-task-3.48.0",
              "default": true
            }
          ],
          "store_path": "/nix/store/xajpc9zjvhmdmwjab8i8grxc248wnzpq-go-task-3.48.0"
        },
        "x86_64-linux": {
          "outputs": [
            {
              "name": "out",
              "path": "/nix/store/ajlbzd5gnxrs1yki1sjf327rjx7qq060-go-task-3.48.0",
              "default": true
            }
          ],
          "store_path": "/nix/store/ajlbzd5gnxrs1yki1sjf327rjx7qq060-go-task-3.48.0"
        }
      }
    },
    "nodejs@22": {
      "last_modified": "2026-05-21T08:15:18Z",
      "plugin_version": "0.0.2",
      "resolved": "github:NixOS/nixpkgs/4a29d733e8a7d5b824c3d8c958a946a9867b3eb2#nodejs_22",
      "source": "devbox-search",
      "version": "22.22.3",
      "systems": {
        "aarch64-darwin": {
          "outputs": [
            {
              "name": "out",
              "path": "/nix/store/k1yy2d1h7pvpac7m14vmaw23j529fpza-nodejs-22.22.3",
              "default": true
            }
          ],
          "store_path": "/nix/store/k1yy2d1h7pvpac7m14vmaw23j529fpza-nodejs-22.22.3"
        },
        "aarch64-linux": {
          "outputs": [
            {
              "name": "out",
              "path": "/nix/store/d8zana2n6i904c088i533ivg1j817x8v-nodejs-22.22.3",
              "default": true
            }
          ],
          "store_path": "/nix/store/d8zana2n6i904c088i533ivg1j817x8v-nodejs-22.22.3"
        },
        "x86_64-darwin": {
          "outputs": [
            {
              "name": "out",
              "path": "/nix/store/9yvmgryhhwnswgaji30cpw4m9swhv1ia-nodejs-22.22.3",
              "default": true
            }
          ],
          "store_path": "/nix/store/9yvmgryhhwnswgaji30cpw4m9swhv1ia-nodejs-22.22.3"
        },
        "x86_64-linux": {
          "outputs": [
            {
              "name": "out",
              "path": "/nix/store/ac9bklddx1klg92hj7r08xmpky1nwag2-nodejs-22.22.3",
              "default": true
            }
          ],
          "store_path": "/nix/store/ac9bklddx1klg92hj7r08xmpky1nwag2-nodejs-22.22.3"
        }
      }
    },
    "pnpm@latest": {
      "last_modified": "2026-06-08T15:01:26Z",
      "resolved": "github:NixOS/nixpkgs/8c3cede7ddc26bd659d2d383b5610efbd2c7a16e#pnpm",
      "source": "devbox-search",
      "version": "11.5.2",
      "systems": {
        "aarch64-darwin": {
          "outputs": [
            {
              "name": "out",
              "path": "/nix/store/c7xd9lzxryhnn3qssk9cbldqnmpf8y7a-pnpm-11.5.2",
              "default": true
            }
          ],
          "store_path": "/nix/store/c7xd9lzxryhnn3qssk9cbldqnmpf8y7a-pnpm-11.5.2"
        },
        "aarch64-linux": {
          "outputs": [
            {
              "name": "out",
              "path": "/nix/store/20hz3pyz9ychxj56l4xs6rz0zz5s7iwg-pnpm-11.5.2",
              "default": true
            }
          ],
          "store_path": "/nix/store/20hz3pyz9ychxj56l4xs6rz0zz5s7iwg-pnpm-11.5.2"
        },
        "x86_64-darwin": {
          "outputs": [
            {
              "name": "out",
              "path": "/nix/store/s7ywyvb0ys04wxxyk9y83vgnifk9ci7f-pnpm-11.5.2",
              "default": true
            }
          ],
          "store_path": "/nix/store/s7ywyvb0ys04wxxyk9y83vgnifk9ci7f-pnpm-11.5.2"
        },
        "x86_64-linux": {
          "outputs": [
            {
              "name": "out",
              "path": "/nix/store/a82hm3my2xffxan9yjl8l0w18n9m1y67-pnpm-11.5.2",
              "default": true
            }
          ],
          "store_path": "/nix/store/a82hm3my2xffxan9yjl8l0w18n9m1y67-pnpm-11.5.2"
        }
      }
    },
    "ruff@latest": {
      "last_modified": "2026-06-02T02:01:59Z",
      "resolved": "github:NixOS/nixpkgs/ffa10e26ae11d676b2db836259889f1f571cb14f#ruff",
      "source": "devbox-search",
      "version": "0.15.15",
      "systems": {
        "aarch64-darwin": {
          "outputs": [
            {
              "name": "out",
              "path": "/nix/store/q0vl1bzh8bgsskdnzkbybwmp8alnxa2i-ruff-0.15.15",
              "default": true
            }
          ],
          "store_path": "/nix/store/q0vl1bzh8bgsskdnzkbybwmp8alnxa2i-ruff-0.15.15"
        },
        "aarch64-linux": {
          "outputs": [
            {
              "name": "out",
              "path": "/nix/store/r7mqni8hjc1cj5rvx962v2jl7zs9wksj-ruff-0.15.15",
              "default": true
            }
          ],
          "store_path": "/nix/store/r7mqni8hjc1cj5rvx962v2jl7zs9wksj-ruff-0.15.15"
        },
        "x86_64-darwin": {
          "outputs": [
            {
              "name": "out",
              "path": "/nix/store/n3f2fxsnv6sln7kb7ism4lgqh622jfbx-ruff-0.15.15",
              "default": true
            }
          ],
          "store_path": "/nix/store/n3f2fxsnv6sln7kb7ism4lgqh622jfbx-ruff-0.15.15"
        },
        "x86_64-linux": {
          "outputs": [
            {
              "name": "out",
              "path": "/nix/store/idm9anmfqb342jn8x3yp44188j203zjv-ruff-0.15.15",
              "default": true
            }
          ],
          "store_path": "/nix/store/idm9anmfqb342jn8x3yp44188j203zjv-ruff-0.15.15"
        }
      }
    },
    "uv@latest": {
      "last_modified": "2026-05-31T16:57:23Z",
      "resolved": "github:NixOS/nixpkgs/3109eaae18e09d0b8aef23dc2579e7d94b8d4b4e#uv",
      "source": "devbox-search",
      "version": "0.11.17",
      "systems": {
        "aarch64-darwin": {
          "outputs": [
            {
              "name": "out",
              "path": "/nix/store/vac3cff9gy7gwsc7fkvq6xam9y6pyfis-uv-0.11.17",
              "default": true
            }
          ],
          "store_path": "/nix/store/vac3cff9gy7gwsc7fkvq6xam9y6pyfis-uv-0.11.17"
        },
        "aarch64-linux": {
          "outputs": [
            {
              "name": "out",
              "path": "/nix/store/44ca5s53vkly9vz5rmb6f9m4v562ilqj-uv-0.11.17",
              "default": true
            }
          ],
          "store_path": "/nix/store/44ca5s53vkly9vz5rmb6f9m4v562ilqj-uv-0.11.17"
        },
        "x86_64-darwin": {
          "outputs": [
            {
              "name": "out",
              "path": "/nix/store/qnird3c2xrh089mwjir4hb756awibiiz-uv-0.11.17",
              "default": true
            }
          ],
          "store_path": "/nix/store/qnird3c2xrh089mwjir4hb756awibiiz-uv-0.11.17"
        },
        "x86_64-linux": {
          "outputs": [
            {
              "name": "out",
              "path": "/nix/store/9yd6g2f18vlqqmj38rdgm3ih5q8022d4-uv-0.11.17",
              "default": true
            }
          ],
          "store_path": "/nix/store/9yd6g2f18vlqqmj38rdgm3ih5q8022d4-uv-0.11.17"
        }
      }
    }
  }
}
